lockfileVersion: '6.0'

settings:
  autoInstallPeers: true
  excludeLinksFromLockfile: false

importers:

  .:
    devDependencies:
      turbo:
        specifier: canary
        version: 2.0.3-canary.0

  apps/apps-a:
    dependencies:
      pkg-a:
        specifier: workspace:*
        version: link:../../packages/pkg-a
      tooling-config:
        specifier: workspace:*
        version: link:../../packages/tooling-config

  apps/apps-b:
    dependencies:
      tooling-config:
        specifier: workspace:*
        version: link:../../packages/tooling-config

  packages/pkg-a:
    dependencies:
      tooling-config:
        specifier: workspace:*
        version: link:../tooling-config

  packages/pkg-b:
    dependencies:
      tooling-config:
        specifier: workspace:*
        version: link:../tooling-config

  packages/tooling-config: {}

packages:

  /turbo-darwin-64@2.0.3-canary.0:
    resolution: {integrity: sha512-duCReNEI7HUR77R0GFI/cZh8PKLmxq8gf+wFdDY56BXbbmcjcJe6ZfYg8qv0jWYjLASowqZjURozh5eII0BnnA==}
    cpu: [x64]
    os: [darwin]
    requiresBuild: true
    dev: true
    optional: true

  /turbo-darwin-arm64@2.0.3-canary.0:
    resolution: {integrity: sha512-3UTkWTovbdwGW1xkQtnTIFn7Dj+AUIANHs+TtCOfID5xP1Atz69pOnNrXdjc2H/sRo98M25GOa0el0AYG5GLWg==}
    cpu: [arm64]
    os: [darwin]
    requiresBuild: true
    dev: true
    optional: true

  /turbo-linux-64@2.0.3-canary.0:
    resolution: {integrity: sha512-wjy2Dx9lM96fNfq2f0/zTbwYL5M8/DkH3OIkip2k8rPi5j/z9hPwNiXPsL4Q2vT9mEB1N2yV0XZ3urLzHLSz8g==}
    cpu: [x64]
    os: [linux]
    requiresBuild: true
    dev: true
    optional: true

  /turbo-linux-arm64@2.0.3-canary.0:
    resolution: {integrity: sha512-aFRvBRUFJgu+D+ZMh0mCqcZ2IsHK5XLGKvskdxj4VNZk4TnhlXNNKzhvx4v5DnZT/VUF5UF32zD2vin827go7w==}
    cpu: [arm64]
    os: [linux]
    requiresBuild: true
    dev: true
    optional: true

  /turbo-windows-64@2.0.3-canary.0:
    resolution: {integrity: sha512-9JkMDwKIJ4YXxWU0sVVLhCX/c0B+ylUZQlBMykkkU4ysQwK6BlQE7gQR1AcBYynuYh4n3GYobSwNqAFKclpPJQ==}
    cpu: [x64]
    os: [win32]
    requiresBuild: true
    dev: true
    optional: true

  /turbo-windows-arm64@2.0.3-canary.0:
    resolution: {integrity: sha512-qnZze6Vr8OjOwTLh8vbLCJqPdnU8gytJeJFVYBlyi9YxebIM+1qDd/DBfr1cckp0FcoSFJfkF3jJFqeH4usmxg==}
    cpu: [arm64]
    os: [win32]
    requiresBuild: true
    dev: true
    optional: true

  /turbo@2.0.3-canary.0:
    resolution: {integrity: sha512-Y8T5JIAn+QM4k9AwAmm3a64/CBwCyLjRX+mJUnfSNT7BfJfD8uOV8XtD1TH9gjgvsUJwxE0p9ouIW4wrvM/FqQ==}
    hasBin: true
    optionalDependencies:
      turbo-darwin-64: 2.0.3-canary.0
      turbo-darwin-arm64: 2.0.3-canary.0
      turbo-linux-64: 2.0.3-canary.0
      turbo-linux-arm64: 2.0.3-canary.0
      turbo-windows-64: 2.0.3-canary.0
      turbo-windows-arm64: 2.0.3-canary.0
    dev: true
